
Microsoft Visual Studio Solution File, Format Version 12.00
# Visual Studio Version 16
VisualStudioVersion = 16.0.30717.126
MinimumVisualStudioVersion = 10.0.40219.1
Project("{9A19103F-16F7-4668-BE54-9A1E7A4F7556}") = "b7.Packets", "b7.Packets\b7.Packets.csproj", "{D60698AE-A8F6-4053-99AB-33E3C8235E62}"
EndProject
Project("{2150E333-8FDC-42A3-9474-1A3956D46DE8}") = "Submodules", "Submodules", "{AF921ED5-9449-4BAD-B1F9-EA11C9B218B2}"
EndProject
Project("{9A19103F-16F7-4668-BE54-9A1E7A4F7556}") = "Xabbo.GEarth", "Xabbo.GEarth\Xabbo.GEarth\Xabbo.GEarth.csproj", "{A5B0A3EF-EF87-47C9-BB10-C36E4A4488A7}"
EndProject
Project("{9A19103F-16F7-4668-BE54-9A1E7A4F7556}") = "Xabbo.Common", "Xabbo.Common\Xabbo.Common\Xabbo.Common.csproj", "{E631F0BE-9D3A-44C6-B958-1EFF1A58883F}"
EndProject
Global
	GlobalSection(SolutionConfigurationPlatforms) = preSolution
		Debug|Any CPU = Debug|Any CPU
		Release|Any CPU = Release|Any CPU
	EndGlobalSection
	GlobalSection(ProjectConfigurationPlatforms) = postSolution
		{D60698AE-A8F6-4053-99AB-33E3C8235E62}.Debug|Any CPU.ActiveCfg = Debug|Any CPU
		{D60698AE-A8F6-4053-99AB-33E3C8235E62}.Debug|Any CPU.Build.0 = Debug|Any CPU
		{D60698AE-A8F6-4053-99AB-33E3C8235E62}.Release|Any CPU.ActiveCfg = Release|Any CPU
		{D60698AE-A8F6-4053-99AB-33E3C8235E62}.Release|Any CPU.Build.0 = Release|Any CPU
		{A5B0A3EF-EF87-47C9-BB10-C36E4A4488A7}.Debug|Any CPU.ActiveCfg = Debug|Any CPU
		{A5B0A3EF-EF87-47C9-BB10-C36E4A4488A7}.Debug|Any CPU.Build.0 = Debug|Any CPU
		{A5B0A3EF-EF87-47C9-BB10-C36E4A4488A7}.Release|Any CPU.ActiveCfg = Release|Any CPU
		{A5B0A3EF-EF87-47C9-BB10-C36E4A4488A7}.Release|Any CPU.Build.0 = Release|Any CPU
		{E631F0BE-9D3A-44C6-B958-1EFF1A58883F}.Debug|Any CPU.ActiveCfg = Debug|Any CPU
		{E631F0BE-9D3A-44C6-B958-1EFF1A58883F}.Debug|Any CPU.Build.0 = Debug|Any CPU
		{E631F0BE-9D3A-44C6-B958-1EFF1A58883F}.Release|Any CPU.ActiveCfg = Release|Any CPU
		{E631F0BE-9D3A-44C6-B958-1EFF1A58883F}.Release|Any CPU.Build.0 = Release|Any CPU
	EndGlobalSection
	GlobalSection(SolutionProperties) = preSolution
		HideSolutionNode = FALSE
	EndGlobalSection
	GlobalSection(NestedProjects) = preSolution
		{A5B0A3EF-EF87-47C9-BB10-C36E4A4488A7} = {AF921ED5-9449-4BAD-B1F9-EA11C9B218B2}
		{E631F0BE-9D3A-44C6-B958-1EFF1A58883F} = {AF921ED5-9449-4BAD-B1F9-EA11C9B218B2}
	EndGlobalSection
	GlobalSection(ExtensibilityGlobals) = postSolution
		SolutionGuid = {196A80A0-DB80-4FBB-93FA-5F3D84188A84}
	EndGlobalSection
EndGlobal
